
Microsoft Visual Studio Solution File, Format Version 12.00
# Visual Studio 2013
VisualStudioVersion = 12.0.31101.0
MinimumVisualStudioVersion = 10.0.40219.1
Project("{FAE04EC0-301F-11D3-BF4B-00C04F79EFBC}") = "Moq.Build", "Moq.Build\Moq.Build.csproj", "{0422C403-A71E-4DF3-A229-D31B0927802B}"
EndProject
Project("{FAE04EC0-301F-11D3-BF4B-00C04F79EFBC}") = "Moq.Build.Tests", "Moq.Build.Tests\Moq.Build.Tests.csproj", "{0AC2E199-4A86-402B-B420-814E2377ACB2}"
EndProject
Project("{2150E333-8FDC-42A3-9474-1A3956D46DE8}") = "Solution Items", "Solution Items", "{6982B7FB-EC54-4920-BD96-5384A192C3EC}"
	ProjectSection(SolutionItems) = preProject
		..\build.proj = ..\build.proj
	EndProjectSection
EndProject
Global
	GlobalSection(SolutionConfigurationPlatforms) = preSolution
		Debug|Any CPU = Debug|Any CPU
		Release|Any CPU = Release|Any CPU
	EndGlobalSection
	GlobalSection(ProjectConfigurationPlatforms) = postSolution
		{0422C403-A71E-4DF3-A229-D31B0927802B}.Debug|Any CPU.ActiveCfg = Debug|Any CPU
		{0422C403-A71E-4DF3-A229-D31B0927802B}.Debug|Any CPU.Build.0 = Debug|Any CPU
		{0422C403-A71E-4DF3-A229-D31B0927802B}.Release|Any CPU.ActiveCfg = Release|Any CPU
		{0422C403-A71E-4DF3-A229-D31B0927802B}.Release|Any CPU.Build.0 = Release|Any CPU
		{0AC2E199-4A86-402B-B420-814E2377ACB2}.Debug|Any CPU.ActiveCfg = Debug|Any CPU
		{0AC2E199-4A86-402B-B420-814E2377ACB2}.Debug|Any CPU.Build.0 = Debug|Any CPU
		{0AC2E199-4A86-402B-B420-814E2377ACB2}.Release|Any CPU.ActiveCfg = Release|Any CPU
		{0AC2E199-4A86-402B-B420-814E2377ACB2}.Release|Any CPU.Build.0 = Release|Any CPU
	EndGlobalSection
	GlobalSection(SolutionProperties) = preSolution
		HideSolutionNode = FALSE
	EndGlobalSection
EndGlobal
